
Microsoft Visual Studio Solution File, Format Version 12.00
# Visual Studio 2012
Project("{FAE04EC0-301F-11D3-BF4B-00C04F79EFBC}") = "ExSite", "ExSite\ExSite.csproj", "{51DBCCC6-96A3-44F0-8D55-FF4F420FE8EB}"
EndProject
Project("{FAE04EC0-301F-11D3-BF4B-00C04F79EFBC}") = "Expt1Site", "Expt1Site\Expt1Site.csproj", "{08F080B5-1CA7-4B7A-B406-115AC2FF8DD9}"
EndProject
Project("{FAE04EC0-301F-11D3-BF4B-00C04F79EFBC}") = "Expt2Site", "Expt2Site\Expt2Site.csproj", "{213D6A0D-FFB2-4E34-8C9E-B4C90B268986}"
EndProject
Global
	GlobalSection(SolutionConfigurationPlatforms) = preSolution
		Debug|Any CPU = Debug|Any CPU
		Release|Any CPU = Release|Any CPU
	EndGlobalSection
	GlobalSection(ProjectConfigurationPlatforms) = postSolution
		{51DBCCC6-96A3-44F0-8D55-FF4F420FE8EB}.Debug|Any CPU.ActiveCfg = Debug|Any CPU
		{51DBCCC6-96A3-44F0-8D55-FF4F420FE8EB}.Debug|Any CPU.Build.0 = Debug|Any CPU
		{51DBCCC6-96A3-44F0-8D55-FF4F420FE8EB}.Release|Any CPU.ActiveCfg = Release|Any CPU
		{51DBCCC6-96A3-44F0-8D55-FF4F420FE8EB}.Release|Any CPU.Build.0 = Release|Any CPU
		{08F080B5-1CA7-4B7A-B406-115AC2FF8DD9}.Debug|Any CPU.ActiveCfg = Debug|Any CPU
		{08F080B5-1CA7-4B7A-B406-115AC2FF8DD9}.Debug|Any CPU.Build.0 = Debug|Any CPU
		{08F080B5-1CA7-4B7A-B406-115AC2FF8DD9}.Release|Any CPU.ActiveCfg = Release|Any CPU
		{08F080B5-1CA7-4B7A-B406-115AC2FF8DD9}.Release|Any CPU.Build.0 = Release|Any CPU
		{213D6A0D-FFB2-4E34-8C9E-B4C90B268986}.Debug|Any CPU.ActiveCfg = Debug|Any CPU
		{213D6A0D-FFB2-4E34-8C9E-B4C90B268986}.Debug|Any CPU.Build.0 = Debug|Any CPU
		{213D6A0D-FFB2-4E34-8C9E-B4C90B268986}.Release|Any CPU.ActiveCfg = Release|Any CPU
		{213D6A0D-FFB2-4E34-8C9E-B4C90B268986}.Release|Any CPU.Build.0 = Release|Any CPU
	EndGlobalSection
	GlobalSection(SolutionProperties) = preSolution
		HideSolutionNode = FALSE
	EndGlobalSection
EndGlobal
